{
  "nodes": {
    "nixpkgs": {
      "flake": false,
      "locked": {
        "lastModified": 1570630026,
        "narHash": "sha256-IjHyx3uz9jYBh5R9v6lea5Hd/F6iYTBcyHkXHwSGGFY=",
        "owner": "NixOS",
        "repo": "nixpkgs",
        "rev": "d5291756487d70bc336e33512a9baf9fa1788faf",
        "type": "github"
      },
      "original": {
        "owner": "NixOS",
        "ref": "19.09",
        "repo": "nixpkgs",
        "type": "github"
      }
    },
    "nixpkgs-stable": {
      "locked": {
        "lastModified": 1606789930,
        "narHash": "sha256-fIDdUZHX6OnErpv+ZXEM/479z8WKNyNX9ALsHQpjoeA=",
        "owner": "NixOS",
        "repo": "nixpkgs",
        "rev": "2fbcd0b9df95306199407e36a038d2cc3aa24786",
        "type": "github"
      },
      "original": {
        "id": "nixpkgs",
        "ref": "nixos-20.09",
        "type": "indirect"
      }
    },
    "root": {
      "inputs": {
        "nixpkgs": "nixpkgs",
        "nixpkgs-stable": "nixpkgs-stable"
      }
    }
  },
  "root": "root",
  "version": 7
}
